// !$*UTF8*$!
{
	archiveVersion = 1;
	classes = {
	};
	objectVersion = 55;
	objects = {

/* Begin PBXBuildFile section */
		DD0B54C227A13E38001611F7 /* TableViewDelegate + Data Source.swift in Sources */ = {isa = PBXBuildFile; fileRef = DD0B54C127A13E38001611F7 /* TableViewDelegate + Data Source.swift */; };
		DD0EF88E27916F080083AADF /* EmojiTextField.swift in Sources */ = {isa = PBXBuildFile; fileRef = DD0EF88D27916F080083AADF /* EmojiTextField.swift */; };
		DD0EF89027916F5B0083AADF /* AddCategoryButtonDelegate.swift in Sources */ = {isa = PBXBuildFile; fileRef = DD0EF88F27916F5B0083AADF /* AddCategoryButtonDelegate.swift */; };
		DD30EF04279020DC005F32DB /* AddCategoryTableViewCell.swift in Sources */ = {isa = PBXBuildFile; fileRef = DD30EF03279020DC005F32DB /* AddCategoryTableViewCell.swift */; };
		DD30EF09279037BD005F32DB /* AddCategoryViewController.swift in Sources */ = {isa = PBXBuildFile; fileRef = DD30EF08279037BD005F32DB /* AddCategoryViewController.swift */; };
		DD30EF0B27907A5B005F32DB /* AddCategoryView.swift in Sources */ = {isa = PBXBuildFile; fileRef = DD30EF0A27907A5B005F32DB /* AddCategoryView.swift */; };
		DD4C53782778EAC00050A6E9 /* UIViewController + Alert.swift in Sources */ = {isa = PBXBuildFile; fileRef = DD4C53772778EAC00050A6E9 /* UIViewController + Alert.swift */; };
		DD509C31276DEDA800801DA7 /* CategoriesTableViewController.swift in Sources */ = {isa = PBXBuildFile; fileRef = DD509C30276DEDA800801DA7 /* CategoriesTableViewController.swift */; };
		DD550E2E276F54D900CBEC51 /* CategoriesTableViewCell.swift in Sources */ = {isa = PBXBuildFile; fileRef = DD550E2D276F54D900CBEC51 /* CategoriesTableViewCell.swift */; };
		DD6996B32763CA1100144B4B /* AddTransactionView.swift in Sources */ = {isa = PBXBuildFile; fileRef = DD6996B22763CA1100144B4B /* AddTransactionView.swift */; };
		DD6CD4AC2769F6A5001BB53F /* Category.swift in Sources */ = {isa = PBXBuildFile; fileRef = DD6CD4AB2769F6A5001BB53F /* Category.swift */; };
		DD6CD4B3276B6019001BB53F /* Categories.swift in Sources */ = {isa = PBXBuildFile; fileRef = DD6CD4B2276B6019001BB53F /* Categories.swift */; };
		DD6CD4B5276B751C001BB53F /* Transactions.swift in Sources */ = {isa = PBXBuildFile; fileRef = DD6CD4B4276B751C001BB53F /* Transactions.swift */; };
		DD6CD4B8276B89D9001BB53F /* AddTransactionButtonDelegate.swift in Sources */ = {isa = PBXBuildFile; fileRef = DD6CD4B7276B89D9001BB53F /* AddTransactionButtonDelegate.swift */; };
		DD7423F12799A67B00780C31 /* TransactionsAnaliticsData.swift in Sources */ = {isa = PBXBuildFile; fileRef = DD7423F02799A67B00780C31 /* TransactionsAnaliticsData.swift */; };
		DD80A39B2796C59000A269F1 /* AnaliticsView.swift in Sources */ = {isa = PBXBuildFile; fileRef = DD80A39A2796C59000A269F1 /* AnaliticsView.swift */; };
		DD80A39D2796D52900A269F1 /* TransactionType.swift in Sources */ = {isa = PBXBuildFile; fileRef = DD80A39C2796D52900A269F1 /* TransactionType.swift */; };
		DD80A39F2797083400A269F1 /* AnalitycsPageViewController.swift in Sources */ = {isa = PBXBuildFile; fileRef = DD80A39E2797083400A269F1 /* AnalitycsPageViewController.swift */; };
		DD80A3A12797087500A269F1 /* ContentAnaliticsViewController.swift in Sources */ = {isa = PBXBuildFile; fileRef = DD80A3A02797087500A269F1 /* ContentAnaliticsViewController.swift */; };
		DD988A2B27930E8F009BF522 /* DatesDictionary.swift in Sources */ = {isa = PBXBuildFile; fileRef = DD988A2A27930E8F009BF522 /* DatesDictionary.swift */; };
		DDCF968C2794345100DE0FF6 /* Date+ ext.swift in Sources */ = {isa = PBXBuildFile; fileRef = DDCF968B2794345100DE0FF6 /* Date+ ext.swift */; };
		DDE7C057275F3C4B00282299 /* AppDelegate.swift in Sources */ = {isa = PBXBuildFile; fileRef = DDE7C056275F3C4B00282299 /* AppDelegate.swift */; };
		DDE7C059275F3C4B00282299 /* SceneDelegate.swift in Sources */ = {isa = PBXBuildFile; fileRef = DDE7C058275F3C4B00282299 /* SceneDelegate.swift */; };
		DDE7C060275F3C4D00282299 /* Assets.xcassets in Resources */ = {isa = PBXBuildFile; fileRef = DDE7C05F275F3C4D00282299 /* Assets.xcassets */; };
		DDE7C078275F408600282299 /* UIView+Ext.swift in Sources */ = {isa = PBXBuildFile; fileRef = DDE7C077275F408600282299 /* UIView+Ext.swift */; };
		DDE7C080275F451300282299 /* TransactionsViewController.swift in Sources */ = {isa = PBXBuildFile; fileRef = DDE7C07F275F451200282299 /* TransactionsViewController.swift */; };
		DDE7C082275F452E00282299 /* TabBarViewController.swift in Sources */ = {isa = PBXBuildFile; fileRef = DDE7C081275F452E00282299 /* TabBarViewController.swift */; };
		DDE7C084275F453500282299 /* AddTransactionViewController.swift in Sources */ = {isa = PBXBuildFile; fileRef = DDE7C083275F453500282299 /* AddTransactionViewController.swift */; };
		DDE7C086275F453800282299 /* TransactionsTableViewCell.swift in Sources */ = {isa = PBXBuildFile; fileRef = DDE7C085275F453800282299 /* TransactionsTableViewCell.swift */; };
		DDE7C088275F453D00282299 /* AnalyticsViewController.swift in Sources */ = {isa = PBXBuildFile; fileRef = DDE7C087275F453D00282299 /* AnalyticsViewController.swift */; };
		DDE7C08A275F453F00282299 /* Transaction.swift in Sources */ = {isa = PBXBuildFile; fileRef = DDE7C089275F453F00282299 /* Transaction.swift */; };
/* End PBXBuildFile section */

/* Begin PBXFileReference section */
		DD0B54C127A13E38001611F7 /* TableViewDelegate + Data Source.swift */ = {isa = PBXFileReference; lastKnownFileType = sourcecode.swift; path = "TableViewDelegate + Data Source.swift"; sourceTree = "<group>"; };
		DD0EF88D27916F080083AADF /* EmojiTextField.swift */ = {isa = PBXFileReference; lastKnownFileType = sourcecode.swift; path = EmojiTextField.swift; sourceTree = "<group>"; };
		DD0EF88F27916F5B0083AADF /* AddCategoryButtonDelegate.swift */ = {isa = PBXFileReference; lastKnownFileType = sourcecode.swift; path = AddCategoryButtonDelegate.swift; sourceTree = "<group>"; };
		DD30EF03279020DC005F32DB /* AddCategoryTableViewCell.swift */ = {isa = PBXFileReference; lastKnownFileType = sourcecode.swift; path = AddCategoryTableViewCell.swift; sourceTree = "<group>"; };
		DD30EF08279037BD005F32DB /* AddCategoryViewController.swift */ = {isa = PBXFileReference; lastKnownFileType = sourcecode.swift; path = AddCategoryViewController.swift; sourceTree = "<group>"; };
		DD30EF0A27907A5B005F32DB /* AddCategoryView.swift */ = {isa = PBXFileReference; lastKnownFileType = sourcecode.swift; path = AddCategoryView.swift; sourceTree = "<group>"; };
		DD4C53772778EAC00050A6E9 /* UIViewController + Alert.swift */ = {isa = PBXFileReference; lastKnownFileType = sourcecode.swift; path = "UIViewController + Alert.swift"; sourceTree = "<group>"; };
		DD509C30276DEDA800801DA7 /* CategoriesTableViewController.swift */ = {isa = PBXFileReference; lastKnownFileType = sourcecode.swift; path = CategoriesTableViewController.swift; sourceTree = "<group>"; };
		DD550E2D276F54D900CBEC51 /* CategoriesTableViewCell.swift */ = {isa = PBXFileReference; lastKnownFileType = sourcecode.swift; path = CategoriesTableViewCell.swift; sourceTree = "<group>"; };
		DD6996B22763CA1100144B4B /* AddTransactionView.swift */ = {isa = PBXFileReference; lastKnownFileType = sourcecode.swift; path = AddTransactionView.swift; sourceTree = "<group>"; };
		DD6CD4AB2769F6A5001BB53F /* Category.swift */ = {isa = PBXFileReference; lastKnownFileType = sourcecode.swift; path = Category.swift; sourceTree = "<group>"; };
		DD6CD4B2276B6019001BB53F /* Categories.swift */ = {isa = PBXFileReference; lastKnownFileType = sourcecode.swift; path = Categories.swift; sourceTree = "<group>"; };
		DD6CD4B4276B751C001BB53F /* Transactions.swift */ = {isa = PBXFileReference; lastKnownFileType = sourcecode.swift; path = Transactions.swift; sourceTree = "<group>"; };
		DD6CD4B7276B89D9001BB53F /* AddTransactionButtonDelegate.swift */ = {isa = PBXFileReference; lastKnownFileType = sourcecode.swift; path = AddTransactionButtonDelegate.swift; sourceTree = "<group>"; };
		DD7423F02799A67B00780C31 /* TransactionsAnaliticsData.swift */ = {isa = PBXFileReference; lastKnownFileType = sourcecode.swift; path = TransactionsAnaliticsData.swift; sourceTree = "<group>"; };
		DD80A39A2796C59000A269F1 /* AnaliticsView.swift */ = {isa = PBXFileReference; lastKnownFileType = sourcecode.swift; path = AnaliticsView.swift; sourceTree = "<group>"; };
		DD80A39C2796D52900A269F1 /* TransactionType.swift */ = {isa = PBXFileReference; lastKnownFileType = sourcecode.swift; path = TransactionType.swift; sourceTree = "<group>"; };
		DD80A39E2797083400A269F1 /* AnalitycsPageViewController.swift */ = {isa = PBXFileReference; lastKnownFileType = sourcecode.swift; path = AnalitycsPageViewController.swift; sourceTree = "<group>"; };
		DD80A3A02797087500A269F1 /* ContentAnaliticsViewController.swift */ = {isa = PBXFileReference; lastKnownFileType = sourcecode.swift; path = ContentAnaliticsViewController.swift; sourceTree = "<group>"; };
		DD988A2A27930E8F009BF522 /* DatesDictionary.swift */ = {isa = PBXFileReference; lastKnownFileType = sourcecode.swift; path = DatesDictionary.swift; sourceTree = "<group>"; };
		DDCF968B2794345100DE0FF6 /* Date+ ext.swift */ = {isa = PBXFileReference; lastKnownFileType = sourcecode.swift; path = "Date+ ext.swift"; sourceTree = "<group>"; };
		DDE7C053275F3C4B00282299 /* Finance.app */ = {isa = PBXFileReference; explicitFileType = wrapper.application; includeInIndex = 0; path = Finance.app; sourceTree = BUILT_PRODUCTS_DIR; };
		DDE7C056275F3C4B00282299 /* AppDelegate.swift */ = {isa = PBXFileReference; lastKnownFileType = sourcecode.swift; path = AppDelegate.swift; sourceTree = "<group>"; };
		DDE7C058275F3C4B00282299 /* SceneDelegate.swift */ = {isa = PBXFileReference; lastKnownFileType = sourcecode.swift; path = SceneDelegate.swift; sourceTree = "<group>"; };
		DDE7C05F275F3C4D00282299 /* Assets.xcassets */ = {isa = PBXFileReference; lastKnownFileType = folder.assetcatalog; path = Assets.xcassets; sourceTree = "<group>"; };
		DDE7C064275F3C4D00282299 /* Info.plist */ = {isa = PBXFileReference; lastKnownFileType = text.plist.xml; path = Info.plist; sourceTree = "<group>"; };
		DDE7C077275F408600282299 /* UIView+Ext.swift */ = {isa = PBXFileReference; fileEncoding = 4; lastKnownFileType = sourcecode.swift; path = "UIView+Ext.swift"; sourceTree = "<group>"; };
		DDE7C07F275F451200282299 /* TransactionsViewController.swift */ = {isa = PBXFileReference; fileEncoding = 4; lastKnownFileType = sourcecode.swift; path = TransactionsViewController.swift; sourceTree = "<group>"; };
		DDE7C081275F452E00282299 /* TabBarViewController.swift */ = {isa = PBXFileReference; fileEncoding = 4; lastKnownFileType = sourcecode.swift; path = TabBarViewController.swift; sourceTree = "<group>"; };
		DDE7C083275F453500282299 /* AddTransactionViewController.swift */ = {isa = PBXFileReference; fileEncoding = 4; lastKnownFileType = sourcecode.swift; path = AddTransactionViewController.swift; sourceTree = "<group>"; };
		DDE7C085275F453800282299 /* TransactionsTableViewCell.swift */ = {isa = PBXFileReference; fileEncoding = 4; lastKnownFileType = sourcecode.swift; path = TransactionsTableViewCell.swift; sourceTree = "<group>"; };
		DDE7C087275F453D00282299 /* AnalyticsViewController.swift */ = {isa = PBXFileReference; fileEncoding = 4; lastKnownFileType = sourcecode.swift; path = AnalyticsViewController.swift; sourceTree = "<group>"; };
		DDE7C089275F453F00282299 /* Transaction.swift */ = {isa = PBXFileReference; fileEncoding = 4; lastKnownFileType = sourcecode.swift; path = Transaction.swift; sourceTree = "<group>"; };
/* End PBXFileReference section */

/* Begin PBXFrameworksBuildPhase section */
		DDE7C050275F3C4B00282299 /* Frameworks */ = {
			isa = PBXFrameworksBuildPhase;
			buildActionMask = 2147483647;
			files = (
			);
			runOnlyForDeploymentPostprocessing = 0;
		};
/* End PBXFrameworksBuildPhase section */

/* Begin PBXGroup section */
		DD30EF0527902129005F32DB /* CategoriesScreen */ = {
			isa = PBXGroup;
			children = (
				DD550E2D276F54D900CBEC51 /* CategoriesTableViewCell.swift */,
				DD30EF03279020DC005F32DB /* AddCategoryTableViewCell.swift */,
			);
			path = CategoriesScreen;
			sourceTree = "<group>";
		};
		DD30EF0627903779005F32DB /* AddCategoriesScreen */ = {
			isa = PBXGroup;
			children = (
				DD30EF0A27907A5B005F32DB /* AddCategoryView.swift */,
				DD0EF88D27916F080083AADF /* EmojiTextField.swift */,
			);
			path = AddCategoriesScreen;
			sourceTree = "<group>";
		};
		DD30EF0727903789005F32DB /* AddCategoriesScreen */ = {
			isa = PBXGroup;
			children = (
				DD30EF08279037BD005F32DB /* AddCategoryViewController.swift */,
			);
			path = AddCategoriesScreen;
			sourceTree = "<group>";
		};
		DD4C53762778AED80050A6E9 /* CategoriesScreen */ = {
			isa = PBXGroup;
			children = (
				DD509C30276DEDA800801DA7 /* CategoriesTableViewController.swift */,
			);
			path = CategoriesScreen;
			sourceTree = "<group>";
		};
		DD6996B427650A8300144B4B /* View */ = {
			isa = PBXGroup;
			children = (
				DD6996B827650B0600144B4B /* TransactionsScreen */,
				DD6996B727650AEF00144B4B /* AddTransactionScreen */,
				DD30EF0527902129005F32DB /* CategoriesScreen */,
				DD30EF0627903779005F32DB /* AddCategoriesScreen */,
				DD6996B927650B1E00144B4B /* AnalyticsScreen */,
				DDE7C081275F452E00282299 /* TabBarViewController.swift */,
				DDE7C076275F408600282299 /* extensions */,
			);
			path = View;
			sourceTree = "<group>";
		};
		DD6996B527650AA100144B4B /* Model */ = {
			isa = PBXGroup;
			children = (
				DD6CD4AB2769F6A5001BB53F /* Category.swift */,
				DD6CD4B2276B6019001BB53F /* Categories.swift */,
				DDE7C089275F453F00282299 /* Transaction.swift */,
				DD6CD4B4276B751C001BB53F /* Transactions.swift */,
				DD988A2A27930E8F009BF522 /* DatesDictionary.swift */,
				DD80A39C2796D52900A269F1 /* TransactionType.swift */,
				DD7423F02799A67B00780C31 /* TransactionsAnaliticsData.swift */,
			);
			path = Model;
			sourceTree = "<group>";
		};
		DD6996B627650ADB00144B4B /* Controller */ = {
			isa = PBXGroup;
			children = (
				DD6CD4B1276B43CA001BB53F /* TransactionsScreen */,
				DD6CD4B0276B4385001BB53F /* AddTransactionScreen */,
				DD4C53762778AED80050A6E9 /* CategoriesScreen */,
				DD30EF0727903789005F32DB /* AddCategoriesScreen */,
				DD6CD4AF276B436D001BB53F /* AnalyticsScreen */,
			);
			path = Controller;
			sourceTree = "<group>";
		};
		DD6996B727650AEF00144B4B /* AddTransactionScreen */ = {
			isa = PBXGroup;
			children = (
				DD6996B22763CA1100144B4B /* AddTransactionView.swift */,
			);
			path = AddTransactionScreen;
			sourceTree = "<group>";
		};
		DD6996B827650B0600144B4B /* TransactionsScreen */ = {
			isa = PBXGroup;
			children = (
				DDE7C085275F453800282299 /* TransactionsTableViewCell.swift */,
			);
			path = TransactionsScreen;
			sourceTree = "<group>";
		};
		DD6996B927650B1E00144B4B /* AnalyticsScreen */ = {
			isa = PBXGroup;
			children = (
				DD80A39A2796C59000A269F1 /* AnaliticsView.swift */,
			);
			path = AnalyticsScreen;
			sourceTree = "<group>";
		};
		DD6CD4AF276B436D001BB53F /* AnalyticsScreen */ = {
			isa = PBXGroup;
			children = (
				DDE7C087275F453D00282299 /* AnalyticsViewController.swift */,
				DD80A39E2797083400A269F1 /* AnalitycsPageViewController.swift */,
				DD80A3A02797087500A269F1 /* ContentAnaliticsViewController.swift */,
			);
			path = AnalyticsScreen;
			sourceTree = "<group>";
		};
		DD6CD4B0276B4385001BB53F /* AddTransactionScreen */ = {
			isa = PBXGroup;
			children = (
				DDE7C083275F453500282299 /* AddTransactionViewController.swift */,
			);
			path = AddTransactionScreen;
			sourceTree = "<group>";
		};
		DD6CD4B1276B43CA001BB53F /* TransactionsScreen */ = {
			isa = PBXGroup;
			children = (
				DDE7C07F275F451200282299 /* TransactionsViewController.swift */,
				DD0B54C127A13E38001611F7 /* TableViewDelegate + Data Source.swift */,
			);
			path = TransactionsScreen;
			sourceTree = "<group>";
		};
		DD6CD4B6276B89B1001BB53F /* Protocols */ = {
			isa = PBXGroup;
			children = (
				DD6CD4B7276B89D9001BB53F /* AddTransactionButtonDelegate.swift */,
				DD0EF88F27916F5B0083AADF /* AddCategoryButtonDelegate.swift */,
			);
			path = Protocols;
			sourceTree = "<group>";
		};
		DD6CD4B9276B8A1A001BB53F /* SupportFiles */ = {
			isa = PBXGroup;
			children = (
				DDE7C058275F3C4B00282299 /* SceneDelegate.swift */,
				DDE7C056275F3C4B00282299 /* AppDelegate.swift */,
				DDE7C05F275F3C4D00282299 /* Assets.xcassets */,
				DDE7C064275F3C4D00282299 /* Info.plist */,
			);
			path = SupportFiles;
			sourceTree = "<group>";
		};
		DDE7C04A275F3C4B00282299 = {
			isa = PBXGroup;
			children = (
				DDE7C055275F3C4B00282299 /* Finance */,
				DDE7C054275F3C4B00282299 /* Products */,
			);
			sourceTree = "<group>";
		};
		DDE7C054275F3C4B00282299 /* Products */ = {
			isa = PBXGroup;
			children = (
				DDE7C053275F3C4B00282299 /* Finance.app */,
			);
			name = Products;
			sourceTree = "<group>";
		};
		DDE7C055275F3C4B00282299 /* Finance */ = {
			isa = PBXGroup;
			children = (
				DD6996B527650AA100144B4B /* Model */,
				DD6996B627650ADB00144B4B /* Controller */,
				DD6996B427650A8300144B4B /* View */,
				DD6CD4B6276B89B1001BB53F /* Protocols */,
				DD6CD4B9276B8A1A001BB53F /* SupportFiles */,
			);
			path = Finance;
			sourceTree = "<group>";
		};
		DDE7C076275F408600282299 /* extensions */ = {
			isa = PBXGroup;
			children = (
				DDE7C077275F408600282299 /* UIView+Ext.swift */,
				DD4C53772778EAC00050A6E9 /* UIViewController + Alert.swift */,
				DDCF968B2794345100DE0FF6 /* Date+ ext.swift */,
			);
			path = extensions;
			sourceTree = "<group>";
		};
/* End PBXGroup section */

/* Begin PBXNativeTarget section */
		DDE7C052275F3C4B00282299 /* Finance */ = {
			isa = PBXNativeTarget;
			buildConfigurationList = DDE7C067275F3C4D00282299 /* Build configuration list for PBXNativeTarget "Finance" */;
			buildPhases = (
				DDE7C04F275F3C4B00282299 /* Sources */,
				DDE7C050275F3C4B00282299 /* Frameworks */,
				DDE7C051275F3C4B00282299 /* Resources */,
			);
			buildRules = (
			);
			dependencies = (
			);
			name = Finance;
			productName = Finance;
			productReference = DDE7C053275F3C4B00282299 /* Finance.app */;
			productType = "com.apple.product-type.application";
		};
/* End PBXNativeTarget section */

/* Begin PBXProject section */
		DDE7C04B275F3C4B00282299 /* Project object */ = {
			isa = PBXProject;
			attributes = {
				BuildIndependentTargetsInParallel = 1;
				LastSwiftUpdateCheck = 1300;
				LastUpgradeCheck = 1300;
				TargetAttributes = {
					DDE7C052275F3C4B00282299 = {
						CreatedOnToolsVersion = 13.0;
					};
				};
			};
			buildConfigurationList = DDE7C04E275F3C4B00282299 /* Build configuration list for PBXProject "Finance" */;
			compatibilityVersion = "Xcode 13.0";
			developmentRegion = en;
			hasScannedForEncodings = 0;
			knownRegions = (
				en,
				Base,
			);
			mainGroup = DDE7C04A275F3C4B00282299;
			productRefGroup = DDE7C054275F3C4B00282299 /* Products */;
			projectDirPath = "";
			projectRoot = "";
			targets = (
				DDE7C052275F3C4B00282299 /* Finance */,
			);
		};
/* End PBXProject section */

/* Begin PBXResourcesBuildPhase section */
		DDE7C051275F3C4B00282299 /* Resources */ = {
			isa = PBXResourcesBuildPhase;
			buildActionMask = 2147483647;
			files = (
				DDE7C060275F3C4D00282299 /* Assets.xcassets in Resources */,
			);
			runOnlyForDeploymentPostprocessing = 0;
		};
/* End PBXResourcesBuildPhase section */

/* Begin PBXSourcesBuildPhase section */
		DDE7C04F275F3C4B00282299 /* Sources */ = {
			isa = PBXSourcesBuildPhase;
			buildActionMask = 2147483647;
			files = (
				DDE7C088275F453D00282299 /* AnalyticsViewController.swift in Sources */,
				DD0EF88E27916F080083AADF /* EmojiTextField.swift in Sources */,
				DD6CD4B8276B89D9001BB53F /* AddTransactionButtonDelegate.swift in Sources */,
				DD509C31276DEDA800801DA7 /* CategoriesTableViewController.swift in Sources */,
				DDCF968C2794345100DE0FF6 /* Date+ ext.swift in Sources */,
				DD0B54C227A13E38001611F7 /* TableViewDelegate + Data Source.swift in Sources */,
				DD988A2B27930E8F009BF522 /* DatesDictionary.swift in Sources */,
				DD550E2E276F54D900CBEC51 /* CategoriesTableViewCell.swift in Sources */,
				DDE7C057275F3C4B00282299 /* AppDelegate.swift in Sources */,
				DD6CD4AC2769F6A5001BB53F /* Category.swift in Sources */,
				DDE7C078275F408600282299 /* UIView+Ext.swift in Sources */,
				DDE7C08A275F453F00282299 /* Transaction.swift in Sources */,
				DDE7C084275F453500282299 /* AddTransactionViewController.swift in Sources */,
				DDE7C059275F3C4B00282299 /* SceneDelegate.swift in Sources */,
				DD7423F12799A67B00780C31 /* TransactionsAnaliticsData.swift in Sources */,
				DD80A39F2797083400A269F1 /* AnalitycsPageViewController.swift in Sources */,
				DDE7C082275F452E00282299 /* TabBarViewController.swift in Sources */,
				DD0EF89027916F5B0083AADF /* AddCategoryButtonDelegate.swift in Sources */,
				DD4C53782778EAC00050A6E9 /* UIViewController + Alert.swift in Sources */,
				DDE7C086275F453800282299 /* TransactionsTableViewCell.swift in Sources */,
				DD6996B32763CA1100144B4B /* AddTransactionView.swift in Sources */,
				DD30EF09279037BD005F32DB /* AddCategoryViewController.swift in Sources */,
				DD80A3A12797087500A269F1 /* ContentAnaliticsViewController.swift in Sources */,
				DDE7C080275F451300282299 /* TransactionsViewController.swift in Sources */,
				DD80A39D2796D52900A269F1 /* TransactionType.swift in Sources */,
				DD30EF04279020DC005F32DB /* AddCategoryTableViewCell.swift in Sources */,
				DD6CD4B5276B751C001BB53F /* Transactions.swift in Sources */,
				DD30EF0B27907A5B005F32DB /* AddCategoryView.swift in Sources */,
				DD80A39B2796C59000A269F1 /* AnaliticsView.swift in Sources */,
				DD6CD4B3276B6019001BB53F /* Categories.swift in Sources */,
			);
			runOnlyForDeploymentPostprocessing = 0;
		};
/* End PBXSourcesBuildPhase section */

/* Begin XCBuildConfiguration section */
		DDE7C065275F3C4D00282299 /* Debug */ = {
			isa = XCBuildConfiguration;
			buildSettings = {
				ALWAYS_SEARCH_USER_PATHS = NO;
				CLANG_ANALYZER_NONNULL = YES;
				CLANG_ANALYZER_NUMBER_OBJECT_CONVERSION = YES_AGGRESSIVE;
				CLANG_CXX_LANGUAGE_STANDARD = "gnu++17";
				CLANG_CXX_LIBRARY = "libc++";
				CLANG_ENABLE_MODULES = YES;
				CLANG_ENABLE_OBJC_ARC = YES;
				CLANG_ENABLE_OBJC_WEAK = YES;
				CLANG_WARN_BLOCK_CAPTURE_AUTORELEASING = YES;
				CLANG_WARN_BOOL_CONVERSION = YES;
				CLANG_WARN_COMMA = YES;
				CLANG_WARN_CONSTANT_CONVERSION = YES;
				CLANG_WARN_DEPRECATED_OBJC_IMPLEMENTATIONS = YES;
				CLANG_WARN_DIRECT_OBJC_ISA_USAGE = YES_ERROR;
				CLANG_WARN_DOCUMENTATION_COMMENTS = YES;
				CLANG_WARN_EMPTY_BODY = YES;
				CLANG_WARN_ENUM_CONVERSION = YES;
				CLANG_WARN_INFINITE_RECURSION = YES;
				CLANG_WARN_INT_CONVERSION = YES;
				CLANG_WARN_NON_LITERAL_NULL_CONVERSION = YES;
				CLANG_WARN_OBJC_IMPLICIT_RETAIN_SELF = YES;
				CLANG_WARN_OBJC_LITERAL_CONVERSION = YES;
				CLANG_WARN_OBJC_ROOT_CLASS = YES_ERROR;
				CLANG_WARN_QUOTED_INCLUDE_IN_FRAMEWORK_HEADER = YES;
				CLANG_WARN_RANGE_LOOP_ANALYSIS = YES;
				CLANG_WARN_STRICT_PROTOTYPES = YES;
				CLANG_WARN_SUSPICIOUS_MOVE = YES;
				CLANG_WARN_UNGUARDED_AVAILABILITY = YES_AGGRESSIVE;
				CLANG_WARN_UNREACHABLE_CODE = YES;
				CLANG_WARN__DUPLICATE_METHOD_MATCH = YES;
				COPY_PHASE_STRIP = NO;
				DEBUG_INFORMATION_FORMAT = dwarf;
				ENABLE_STRICT_OBJC_MSGSEND = YES;
				ENABLE_TESTABILITY = YES;
				GCC_C_LANGUAGE_STANDARD = gnu11;
				GCC_DYNAMIC_NO_PIC = NO;
				GCC_NO_COMMON_BLOCKS = YES;
				GCC_OPTIMIZATION_LEVEL = 0;
				GCC_PREPROCESSOR_DEFINITIONS = (
					"DEBUG=1",
					"$(inherited)",
				);
				GCC_WARN_64_TO_32_BIT_CONVERSION = YES;
				GCC_WARN_ABOUT_RETURN_TYPE = YES_ERROR;
				GCC_WARN_UNDECLARED_SELECTOR = YES;
				GCC_WARN_UNINITIALIZED_AUTOS = YES_AGGRESSIVE;
				GCC_WARN_UNUSED_FUNCTION = YES;
				GCC_WARN_UNUSED_VARIABLE = YES;
				IPHONEOS_DEPLOYMENT_TARGET = 15.0;
				MTL_ENABLE_DEBUG_INFO = INCLUDE_SOURCE;
				MTL_FAST_MATH = YES;
				ONLY_ACTIVE_ARCH = YES;
				SDKROOT = iphoneos;
				SWIFT_ACTIVE_COMPILATION_CONDITIONS = DEBUG;
				SWIFT_OPTIMIZATION_LEVEL = "-Onone";
			};
			name = Debug;
		};
		DDE7C066275F3C4D00282299 /* Release */ = {
			isa = XCBuildConfiguration;
			buildSettings = {
				ALWAYS_SEARCH_USER_PATHS = NO;
				CLANG_ANALYZER_NONNULL = YES;
				CLANG_ANALYZER_NUMBER_OBJECT_CONVERSION = YES_AGGRESSIVE;
				CLANG_CXX_LANGUAGE_STANDARD = "gnu++17";
				CLANG_CXX_LIBRARY = "libc++";
				CLANG_ENABLE_MODULES = YES;
				CLANG_ENABLE_OBJC_ARC = YES;
				CLANG_ENABLE_OBJC_WEAK = YES;
				CLANG_WARN_BLOCK_CAPTURE_AUTORELEASING = YES;
				CLANG_WARN_BOOL_CONVERSION = YES;
				CLANG_WARN_COMMA = YES;
				CLANG_WARN_CONSTANT_CONVERSION = YES;
				CLANG_WARN_DEPRECATED_OBJC_IMPLEMENTATIONS = YES;
				CLANG_WARN_DIRECT_OBJC_ISA_USAGE = YES_ERROR;
				CLANG_WARN_DOCUMENTATION_COMMENTS = YES;
				CLANG_WARN_EMPTY_BODY = YES;
				CLANG_WARN_ENUM_CONVERSION = YES;
				CLANG_WARN_INFINITE_RECURSION = YES;
				CLANG_WARN_INT_CONVERSION = YES;
				CLANG_WARN_NON_LITERAL_NULL_CONVERSION = YES;
				CLANG_WARN_OBJC_IMPLICIT_RETAIN_SELF = YES;
				CLANG_WARN_OBJC_LITERAL_CONVERSION = YES;
				CLANG_WARN_OBJC_ROOT_CLASS = YES_ERROR;
				CLANG_WARN_QUOTED_INCLUDE_IN_FRAMEWORK_HEADER = YES;
				CLANG_WARN_RANGE_LOOP_ANALYSIS = YES;
				CLANG_WARN_STRICT_PROTOTYPES = YES;
				CLANG_WARN_SUSPICIOUS_MOVE = YES;
				CLANG_WARN_UNGUARDED_AVAILABILITY = YES_AGGRESSIVE;
				CLANG_WARN_UNREACHABLE_CODE = YES;
				CLANG_WARN__DUPLICATE_METHOD_MATCH = YES;
				COPY_PHASE_STRIP = NO;
				DEBUG_INFORMATION_FORMAT = "dwarf-with-dsym";
				ENABLE_NS_ASSERTIONS = NO;
				ENABLE_STRICT_OBJC_MSGSEND = YES;
				GCC_C_LANGUAGE_STANDARD = gnu11;
				GCC_NO_COMMON_BLOCKS = YES;
				GCC_WARN_64_TO_32_BIT_CONVERSION = YES;
				GCC_WARN_ABOUT_RETURN_TYPE = YES_ERROR;
				GCC_WARN_UNDECLARED_SELECTOR = YES;
				GCC_WARN_UNINITIALIZED_AUTOS = YES_AGGRESSIVE;
				GCC_WARN_UNUSED_FUNCTION = YES;
				GCC_WARN_UNUSED_VARIABLE = YES;
				IPHONEOS_DEPLOYMENT_TARGET = 15.0;
				MTL_ENABLE_DEBUG_INFO = NO;
				MTL_FAST_MATH = YES;
				SDKROOT = iphoneos;
				SWIFT_COMPILATION_MODE = wholemodule;
				SWIFT_OPTIMIZATION_LEVEL = "-O";
				VALIDATE_PRODUCT = YES;
			};
			name = Release;
		};
		DDE7C068275F3C4D00282299 /* Debug */ = {
			isa = XCBuildConfiguration;
			buildSettings = {
				ASSETCATALOG_COMPILER_APPICON_NAME = AppIcon;
				ASSETCATALOG_COMPILER_GLOBAL_ACCENT_COLOR_NAME = AccentColor;
				CODE_SIGN_STYLE = Automatic;
				CURRENT_PROJECT_VERSION = 1;
				GENERATE_INFOPLIST_FILE = YES;
				INFOPLIST_FILE = Finance/SupportFiles/Info.plist;
				INFOPLIST_KEY_UIApplicationSupportsIndirectInputEvents = YES;
				INFOPLIST_KEY_UILaunchStoryboardName = LaunchScreen;
				INFOPLIST_KEY_UISupportedInterfaceOrientations_iPad = "UIInterfaceOrientationPortrait UIInterfaceOrientationPortraitUpsideDown UIInterfaceOrientationLandscapeLeft UIInterfaceOrientationLandscapeRight";
				INFOPLIST_KEY_UISupportedInterfaceOrientations_iPhone = "UIInterfaceOrientationPortrait UIInterfaceOrientationLandscapeLeft UIInterfaceOrientationLandscapeRight";
				LD_RUNPATH_SEARCH_PATHS = (
					"$(inherited)",
					"@executable_path/Frameworks",
				);
				MARKETING_VERSION = 1.0;
				PRODUCT_BUNDLE_IDENTIFIER = Provkov.Finance;
				PRODUCT_NAME = "$(TARGET_NAME)";
				SWIFT_EMIT_LOC_STRINGS = YES;
				SWIFT_VERSION = 5.0;
				TARGETED_DEVICE_FAMILY = "1,2";
			};
			name = Debug;
		};
		DDE7C069275F3C4D00282299 /* Release */ = {
			isa = XCBuildConfiguration;
			buildSettings = {
				ASSETCATALOG_COMPILER_APPICON_NAME = AppIcon;
				ASSETCATALOG_COMPILER_GLOBAL_ACCENT_COLOR_NAME = AccentColor;
				CODE_SIGN_STYLE = Automatic;
				CURRENT_PROJECT_VERSION = 1;
				GENERATE_INFOPLIST_FILE = YES;
				INFOPLIST_FILE = Finance/SupportFiles/Info.plist;
				INFOPLIST_KEY_UIApplicationSupportsIndirectInputEvents = YES;
				INFOPLIST_KEY_UILaunchStoryboardName = LaunchScreen;
				INFOPLIST_KEY_UISupportedInterfaceOrientations_iPad = "UIInterfaceOrientationPortrait UIInterfaceOrientationPortraitUpsideDown UIInterfaceOrientationLandscapeLeft UIInterfaceOrientationLandscapeRight";
				INFOPLIST_KEY_UISupportedInterfaceOrientations_iPhone = "UIInterfaceOrientationPortrait UIInterfaceOrientationLandscapeLeft UIInterfaceOrientationLandscapeRight";
				LD_RUNPATH_SEARCH_PATHS = (
					"$(inherited)",
					"@executable_path/Frameworks",
				);
				MARKETING_VERSION = 1.0;
				PRODUCT_BUNDLE_IDENTIFIER = Provkov.Finance;
				PRODUCT_NAME = "$(TARGET_NAME)";
				SWIFT_EMIT_LOC_STRINGS = YES;
				SWIFT_VERSION = 5.0;
				TARGETED_DEVICE_FAMILY = "1,2";
			};
			name = Release;
		};
/* End XCBuildConfiguration section */

/* Begin XCConfigurationList section */
		DDE7C04E275F3C4B00282299 /* Build configuration list for PBXProject "Finance" */ = {
			isa = XCConfigurationList;
			buildConfigurations = (
				DDE7C065275F3C4D00282299 /* Debug */,
				DDE7C066275F3C4D00282299 /* Release */,
			);
			defaultConfigurationIsVisible = 0;
			defaultConfigurationName = Release;
		};
		DDE7C067275F3C4D00282299 /* Build configuration list for PBXNativeTarget "Finance" */ = {
			isa = XCConfigurationList;
			buildConfigurations = (
				DDE7C068275F3C4D00282299 /* Debug */,
				DDE7C069275F3C4D00282299 /* Release */,
			);
			defaultConfigurationIsVisible = 0;
			defaultConfigurationName = Release;
		};
/* End XCConfigurationList section */
	};
	rootObject = DDE7C04B275F3C4B00282299 /* Project object */;
}
